// !$*UTF8*$!
{
	archiveVersion = 1;
	classes = {
	};
	objectVersion = 50;
	objects = {

/* Begin PBXBuildFile section */
		B0351328212DAA730062BEA9 /* AppDelegate.swift in Sources */ = {isa = PBXBuildFile; fileRef = B0351327212DAA730062BEA9 /* AppDelegate.swift */; };
		B035132D212DAA730062BEA9 /* Main.storyboard in Resources */ = {isa = PBXBuildFile; fileRef = B035132B212DAA730062BEA9 /* Main.storyboard */; };
		B0351330212DAA730062BEA9 /* EatHealthy.xcdatamodeld in Sources */ = {isa = PBXBuildFile; fileRef = B035132E212DAA730062BEA9 /* EatHealthy.xcdatamodeld */; };
		B0351332212DAA730062BEA9 /* Assets.xcassets in Resources */ = {isa = PBXBuildFile; fileRef = B0351331212DAA730062BEA9 /* Assets.xcassets */; };
		B0351335212DAA730062BEA9 /* LaunchScreen.storyboard in Resources */ = {isa = PBXBuildFile; fileRef = B0351333212DAA730062BEA9 /* LaunchScreen.storyboard */; };
		B035133C212DF9F40062BEA9 /* ViewController.swift in Sources */ = {isa = PBXBuildFile; fileRef = B0351329212DAA730062BEA9 /* ViewController.swift */; };
/* End PBXBuildFile section */

/* Begin PBXFileReference section */
		B0351324212DAA730062BEA9 /* EatHealthy.app */ = {isa = PBXFileReference; explicitFileType = wrapper.application; includeInIndex = 0; path = EatHealthy.app; sourceTree = BUILT_PRODUCTS_DIR; };
		B0351327212DAA730062BEA9 /* AppDelegate.swift */ = {isa = PBXFileReference; lastKnownFileType = sourcecode.swift; path = AppDelegate.swift; sourceTree = "<group>"; };
		B0351329212DAA730062BEA9 /* ViewController.swift */ = {isa = PBXFileReference; lastKnownFileType = sourcecode.swift; path = ViewController.swift; sourceTree = "<group>"; };
		B035132C212DAA730062BEA9 /* Base */ = {isa = PBXFileReference; lastKnownFileType = file.storyboard; name = Base; path = Base.lproj/Main.storyboard; sourceTree = "<group>"; };
		B035132F212DAA730062BEA9 /* EatHealthy.xcdatamodel */ = {isa = PBXFileReference; lastKnownFileType = wrapper.xcdatamodel; path = EatHealthy.xcdatamodel; sourceTree = "<group>"; };
		B0351331212DAA730062BEA9 /* Assets.xcassets */ = {isa = PBXFileReference; lastKnownFileType = folder.assetcatalog; path = Assets.xcassets; sourceTree = "<group>"; };
		B0351334212DAA730062BEA9 /* Base */ = {isa = PBXFileReference; lastKnownFileType = file.storyboard; name = Base; path = Base.lproj/LaunchScreen.storyboard; sourceTree = "<group>"; };
		B0351336212DAA730062BEA9 /* Info.plist */ = {isa = PBXFileReference; lastKnownFileType = text.plist.xml; path = Info.plist; sourceTree = "<group>"; };
/* End PBXFileReference section */

/* Begin PBXFrameworksBuildPhase section */
		B0351321212DAA730062BEA9 /* Frameworks */ = {
			isa = PBXFrameworksBuildPhase;
			buildActionMask = 2147483647;
			files = (
			);
			runOnlyForDeploymentPostprocessing = 0;
		};
/* End PBXFrameworksBuildPhase section */

/* Begin PBXGroup section */
		B035131B212DAA730062BEA9 = {
			isa = PBXGroup;
			children = (
				B0351326212DAA730062BEA9 /* EatHealthy */,
				B0351325212DAA730062BEA9 /* Products */,
			);
			sourceTree = "<group>";
		};
		B0351325212DAA730062BEA9 /* Products */ = {
			isa = PBXGroup;
			children = (
				B0351324212DAA730062BEA9 /* EatHealthy.app */,
			);
			name = Products;
			sourceTree = "<group>";
		};
		B0351326212DAA730062BEA9 /* EatHealthy */ = {
			isa = PBXGroup;
			children = (
				B035132B212DAA730062BEA9 /* Main.storyboard */,
				B0351327212DAA730062BEA9 /* AppDelegate.swift */,
				B0351329212DAA730062BEA9 /* ViewController.swift */,
				B0351331212DAA730062BEA9 /* Assets.xcassets */,
				B0351333212DAA730062BEA9 /* LaunchScreen.storyboard */,
				B0351336212DAA730062BEA9 /* Info.plist */,
				B035132E212DAA730062BEA9 /* EatHealthy.xcdatamodeld */,
			);
			path = EatHealthy;
			sourceTree = "<group>";
		};
/* End PBXGroup section */

/* Begin PBXNativeTarget section */
		B0351323212DAA730062BEA9 /* EatHealthy */ = {
			isa = PBXNativeTarget;
			buildConfigurationList = B0351339212DAA730062BEA9 /* Build configuration list for PBXNativeTarget "EatHealthy" */;
			buildPhases = (
				B0351320212DAA730062BEA9 /* Sources */,
				B0351321212DAA730062BEA9 /* Frameworks */,
				B0351322212DAA730062BEA9 /* Resources */,
			);
			buildRules = (
			);
			dependencies = (
			);
			name = EatHealthy;
			productName = EatHealthy;
			productReference = B0351324212DAA730062BEA9 /* EatHealthy.app */;
			productType = "com.apple.product-type.application";
		};
/* End PBXNativeTarget section */

/* Begin PBXProject section */
		B035131C212DAA730062BEA9 /* Project object */ = {
			isa = PBXProject;
			attributes = {
				LastSwiftUpdateCheck = 0940;
				LastUpgradeCheck = 0940;
				ORGANIZATIONNAME = "Gouthami Reddy";
				TargetAttributes = {
					B0351323212DAA730062BEA9 = {
						CreatedOnToolsVersion = 9.4.1;
					};
				};
			};
			buildConfigurationList = B035131F212DAA730062BEA9 /* Build configuration list for PBXProject "EatHealthy" */;
			compatibilityVersion = "Xcode 9.3";
			developmentRegion = en;
			hasScannedForEncodings = 0;
			knownRegions = (
				en,
				Base,
			);
			mainGroup = B035131B212DAA730062BEA9;
			productRefGroup = B0351325212DAA730062BEA9 /* Products */;
			projectDirPath = "";
			projectRoot = "";
			targets = (
				B0351323212DAA730062BEA9 /* EatHealthy */,
			);
		};
/* End PBXProject section */

/* Begin PBXResourcesBuildPhase section */
		B0351322212DAA730062BEA9 /* Resources */ = {
			isa = PBXResourcesBuildPhase;
			buildActionMask = 2147483647;
			files = (
				B0351335212DAA730062BEA9 /* LaunchScreen.storyboard in Resources */,
				B0351332212DAA730062BEA9 /* Assets.xcassets in Resources */,
				B035132D212DAA730062BEA9 /* Main.storyboard in Resources */,
			);
			runOnlyForDeploymentPostprocessing = 0;
		};
/* End PBXResourcesBuildPhase section */

/* Begin PBXSourcesBuildPhase section */
		B0351320212DAA730062BEA9 /* Sources */ = {
			isa = PBXSourcesBuildPhase;
			buildActionMask = 2147483647;
			files = (
				B035133C212DF9F40062BEA9 /* ViewController.swift in Sources */,
				B0351328212DAA730062BEA9 /* AppDelegate.swift in Sources */,
				B0351330212DAA730062BEA9 /* EatHealthy.xcdatamodeld in Sources */,
			);
			runOnlyForDeploymentPostprocessing = 0;
		};
/* End PBXSourcesBuildPhase section */

/* Begin PBXVariantGroup section */
		B035132B212DAA730062BEA9 /* Main.storyboard */ = {
			isa = PBXVariantGroup;
			children = (
				B035132C212DAA730062BEA9 /* Base */,
			);
			name = Main.storyboard;
			sourceTree = "<group>";
		};
		B0351333212DAA730062BEA9 /* LaunchScreen.storyboard */ = {
			isa = PBXVariantGroup;
			children = (
				B0351334212DAA730062BEA9 /* Base */,
			);
			name = LaunchScreen.storyboard;
			sourceTree = "<group>";
		};
/* End PBXVariantGroup section */

/* Begin XCBuildConfiguration section */
		B0351337212DAA730062BEA9 /* Debug */ = {
			isa = XCBuildConfiguration;
			buildSettings = {
				ALWAYS_SEARCH_USER_PATHS = NO;
				CLANG_ANALYZER_NONNULL = YES;
				CLANG_ANALYZER_NUMBER_OBJECT_CONVERSION = YES_AGGRESSIVE;
				CLANG_CXX_LANGUAGE_STANDARD = "gnu++14";
				CLANG_CXX_LIBRARY = "libc++";
				CLANG_ENABLE_MODULES = YES;
				CLANG_ENABLE_OBJC_ARC = YES;
				CLANG_ENABLE_OBJC_WEAK = YES;
				CLANG_WARN_BLOCK_CAPTURE_AUTORELEASING = YES;
				CLANG_WARN_BOOL_CONVERSION = YES;
				CLANG_WARN_COMMA = YES;
				CLANG_WARN_CONSTANT_CONVERSION = YES;
				CLANG_WARN_DEPRECATED_OBJC_IMPLEMENTATIONS = YES;
				CLANG_WARN_DIRECT_OBJC_ISA_USAGE = YES_ERROR;
				CLANG_WARN_DOCUMENTATION_COMMENTS = YES;
				CLANG_WARN_EMPTY_BODY = YES;
				CLANG_WARN_ENUM_CONVERSION = YES;
				CLANG_WARN_INFINITE_RECURSION = YES;
				CLANG_WARN_INT_CONVERSION = YES;
				CLANG_WARN_NON_LITERAL_NULL_CONVERSION = YES;
				CLANG_WARN_OBJC_IMPLICIT_RETAIN_SELF = YES;
				CLANG_WARN_OBJC_LITERAL_CONVERSION = YES;
				CLANG_WARN_OBJC_ROOT_CLASS = YES_ERROR;
				CLANG_WARN_RANGE_LOOP_ANALYSIS = YES;
				CLANG_WARN_STRICT_PROTOTYPES = YES;
				CLANG_WARN_SUSPICIOUS_MOVE = YES;
				CLANG_WARN_UNGUARDED_AVAILABILITY = YES_AGGRESSIVE;
				CLANG_WARN_UNREACHABLE_CODE = YES;
				CLANG_WARN__DUPLICATE_METHOD_MATCH = YES;
				CODE_SIGN_IDENTITY = "iPhone Developer";
				COPY_PHASE_STRIP = NO;
				DEBUG_INFORMATION_FORMAT = dwarf;
				ENABLE_STRICT_OBJC_MSGSEND = YES;
				ENABLE_TESTABILITY = YES;
				GCC_C_LANGUAGE_STANDARD = gnu11;
				GCC_DYNAMIC_NO_PIC = NO;
				GCC_NO_COMMON_BLOCKS = YES;
				GCC_OPTIMIZATION_LEVEL = 0;
				GCC_PREPROCESSOR_DEFINITIONS = (
					"DEBUG=1",
					"$(inherited)",
				);
				GCC_WARN_64_TO_32_BIT_CONVERSION = YES;
				GCC_WARN_ABOUT_RETURN_TYPE = YES_ERROR;
				GCC_WARN_UNDECLARED_SELECTOR = YES;
				GCC_WARN_UNINITIALIZED_AUTOS = YES_AGGRESSIVE;
				GCC_WARN_UNUSED_FUNCTION = YES;
				GCC_WARN_UNUSED_VARIABLE = YES;
				IPHONEOS_DEPLOYMENT_TARGET = 11.4;
				MTL_ENABLE_DEBUG_INFO = YES;
				ONLY_ACTIVE_ARCH = YES;
				SDKROOT = iphoneos;
				SWIFT_ACTIVE_COMPILATION_CONDITIONS = DEBUG;
				SWIFT_OPTIMIZATION_LEVEL = "-Onone";
			};
			name = Debug;
		};
		B0351338212DAA730062BEA9 /* Release */ = {
			isa = XCBuildConfiguration;
			buildSettings = {
				ALWAYS_SEARCH_USER_PATHS = NO;
				CLANG_ANALYZER_NONNULL = YES;
				CLANG_ANALYZER_NUMBER_OBJECT_CONVERSION = YES_AGGRESSIVE;
				CLANG_CXX_LANGUAGE_STANDARD = "gnu++14";
				CLANG_CXX_LIBRARY = "libc++";
				CLANG_ENABLE_MODULES = YES;
				CLANG_ENABLE_OBJC_ARC = YES;
				CLANG_ENABLE_OBJC_WEAK = YES;
				CLANG_WARN_BLOCK_CAPTURE_AUTORELEASING = YES;
				CLANG_WARN_BOOL_CONVERSION = YES;
				CLANG_WARN_COMMA = YES;
				CLANG_WARN_CONSTANT_CONVERSION = YES;
				CLANG_WARN_DEPRECATED_OBJC_IMPLEMENTATIONS = YES;
				CLANG_WARN_DIRECT_OBJC_ISA_USAGE = YES_ERROR;
				CLANG_WARN_DOCUMENTATION_COMMENTS = YES;
				CLANG_WARN_EMPTY_BODY = YES;
				CLANG_WARN_ENUM_CONVERSION = YES;
				CLANG_WARN_INFINITE_RECURSION = YES;
				CLANG_WARN_INT_CONVERSION = YES;
				CLANG_WARN_NON_LITERAL_NULL_CONVERSION = YES;
				CLANG_WARN_OBJC_IMPLICIT_RETAIN_SELF = YES;
				CLANG_WARN_OBJC_LITERAL_CONVERSION = YES;
				CLANG_WARN_OBJC_ROOT_CLASS = YES_ERROR;
				CLANG_WARN_RANGE_LOOP_ANALYSIS = YES;
				CLANG_WARN_STRICT_PROTOTYPES = YES;
				CLANG_WARN_SUSPICIOUS_MOVE = YES;
				CLANG_WARN_UNGUARDED_AVAILABILITY = YES_AGGRESSIVE;
				CLANG_WARN_UNREACHABLE_CODE = YES;
				CLANG_WARN__DUPLICATE_METHOD_MATCH = YES;
				CODE_SIGN_IDENTITY = "iPhone Developer";
				COPY_PHASE_STRIP = NO;
				DEBUG_INFORMATION_FORMAT = "dwarf-with-dsym";
				ENABLE_NS_ASSERTIONS = NO;
				ENABLE_STRICT_OBJC_MSGSEND = YES;
				GCC_C_LANGUAGE_STANDARD = gnu11;
				GCC_NO_COMMON_BLOCKS = YES;
				GCC_WARN_64_TO_32_BIT_CONVERSION = YES;
				GCC_WARN_ABOUT_RETURN_TYPE = YES_ERROR;
				GCC_WARN_UNDECLARED_SELECTOR = YES;
				GCC_WARN_UNINITIALIZED_AUTOS = YES_AGGRESSIVE;
				GCC_WARN_UNUSED_FUNCTION = YES;
				GCC_WARN_UNUSED_VARIABLE = YES;
				IPHONEOS_DEPLOYMENT_TARGET = 11.4;
				MTL_ENABLE_DEBUG_INFO = NO;
				SDKROOT = iphoneos;
				SWIFT_COMPILATION_MODE = wholemodule;
				SWIFT_OPTIMIZATION_LEVEL = "-O";
				VALIDATE_PRODUCT = YES;
			};
			name = Release;
		};
		B035133A212DAA730062BEA9 /* Debug */ = {
			isa = XCBuildConfiguration;
			buildSettings = {
				ASSETCATALOG_COMPILER_APPICON_NAME = AppIcon;
				CODE_SIGN_STYLE = Automatic;
				DEVELOPMENT_TEAM = DD3XDB6L75;
				INFOPLIST_FILE = EatHealthy/Info.plist;
				LD_RUNPATH_SEARCH_PATHS = (
					"$(inherited)",
					"@executable_path/Frameworks",
				);
				PRODUCT_BUNDLE_IDENTIFIER = com.gouthami.EatHealthy;
				PRODUCT_NAME = "$(TARGET_NAME)";
				SWIFT_VERSION = 4.0;
				TARGETED_DEVICE_FAMILY = "1,2";
			};
			name = Debug;
		};
		B035133B212DAA730062BEA9 /* Release */ = {
			isa = XCBuildConfiguration;
			buildSettings = {
				ASSETCATALOG_COMPILER_APPICON_NAME = AppIcon;
				CODE_SIGN_STYLE = Automatic;
				DEVELOPMENT_TEAM = DD3XDB6L75;
				INFOPLIST_FILE = EatHealthy/Info.plist;
				LD_RUNPATH_SEARCH_PATHS = (
					"$(inherited)",
					"@executable_path/Frameworks",
				);
				PRODUCT_BUNDLE_IDENTIFIER = com.gouthami.EatHealthy;
				PRODUCT_NAME = "$(TARGET_NAME)";
				SWIFT_VERSION = 4.0;
				TARGETED_DEVICE_FAMILY = "1,2";
			};
			name = Release;
		};
/* End XCBuildConfiguration section */

/* Begin XCConfigurationList section */
		B035131F212DAA730062BEA9 /* Build configuration list for PBXProject "EatHealthy" */ = {
			isa = XCConfigurationList;
			buildConfigurations = (
				B0351337212DAA730062BEA9 /* Debug */,
				B0351338212DAA730062BEA9 /* Release */,
			);
			defaultConfigurationIsVisible = 0;
			defaultConfigurationName = Release;
		};
		B0351339212DAA730062BEA9 /* Build configuration list for PBXNativeTarget "EatHealthy" */ = {
			isa = XCConfigurationList;
			buildConfigurations = (
				B035133A212DAA730062BEA9 /* Debug */,
				B035133B212DAA730062BEA9 /* Release */,
			);
			defaultConfigurationIsVisible = 0;
			defaultConfigurationName = Release;
		};
/* End XCConfigurationList section */

/* Begin XCVersionGroup section */
		B035132E212DAA730062BEA9 /* EatHealthy.xcdatamodeld */ = {
			isa = XCVersionGroup;
			children = (
				B035132F212DAA730062BEA9 /* EatHealthy.xcdatamodel */,
			);
			currentVersion = B035132F212DAA730062BEA9 /* EatHealthy.xcdatamodel */;
			path = EatHealthy.xcdatamodeld;
			sourceTree = "<group>";
			versionGroupType = wrapper.xcdatamodel;
		};
/* End XCVersionGroup section */
	};
	rootObject = B035131C212DAA730062BEA9 /* Project object */;
}
